{
    "name": "@yjc/template-parser",
    "version": "1.1.0",
    "lockfileVersion": 1,
    "requires": true,
    "dependencies": {
        "@types/minimist": {
            "version": "1.2.0",
            "resolved": "https://registry.npmjs.org/@types/minimist/-/minimist-1.2.0.tgz",
            "integrity": "sha1-aaI6OtKcrwCX8G7aWbNh7i8GOfY="
        },
        "@types/node": {
            "version": "9.4.0",
            "resolved": "https://registry.npmjs.org/@types/node/-/node-9.4.0.tgz",
            "integrity": "sha512-zkYho6/4wZyX6o9UQ8rd0ReEaiEYNNCqYFIAACe2Tf9DrYlgzWW27OigYHnnztnnZQwVRpwWmZKegFmDpinIsA=="
        },
        "minimist": {
            "version": "1.2.0",
            "resolved": "https://registry.npmjs.org/minimist/-/minimist-1.2.0.tgz",
            "integrity": "sha1-o1AIsg9BOD7sH7kU9M1d95omQoQ="
        }
    }
}
